Microsoft Visual Studio Solution File, Format Version 12.00
# Visual Studio Version 17
VisualStudioVersion = 17.5.2.0
MinimumVisualStudioVersion = 10.0.40219.1
Project("{FAE04EC0-301F-11D3-BF4B-00C04F79EFBC}") = "SignalRBlazorClient", "SignalRBlazorClient.csproj", "{C8470BE2-C9D4-5172-4932-83E85F39DC25}"
EndProject
Global
	GlobalSection(SolutionConfigurationPlatforms) = preSolution
		Debug|Any CPU = Debug|Any CPU
		Release|Any CPU = Release|Any CPU
	EndGlobalSection
	GlobalSection(ProjectConfigurationPlatforms) = postSolution
		{C8470BE2-C9D4-5172-4932-83E85F39DC25}.Debug|Any CPU.ActiveCfg = Debug|Any CPU
		{C8470BE2-C9D4-5172-4932-83E85F39DC25}.Debug|Any CPU.Build.0 = Debug|Any CPU
		{C8470BE2-C9D4-5172-4932-83E85F39DC25}.Release|Any CPU.ActiveCfg = Release|Any CPU
		{C8470BE2-C9D4-5172-4932-83E85F39DC25}.Release|Any CPU.Build.0 = Release|Any CPU
	EndGlobalSection
	GlobalSection(SolutionProperties) = preSolution
		HideSolutionNode = FALSE
	EndGlobalSection
	GlobalSection(ExtensibilityGlobals) = postSolution
		SolutionGuid = {1EB0FDEC-739E-45C5-AE9C-25BC1BDCA1F3}
	EndGlobalSection
EndGlobal
